
Microsoft Visual Studio Solution File, Format Version 12.00
# Visual Studio Version 16
VisualStudioVersion = 16.0.31605.320
MinimumVisualStudioVersion = 10.0.40219.1
Project("{FAE04EC0-301F-11D3-BF4B-00C04F79EFBC}") = "Bliar", "Bliar.csproj", "{25E8F322-24F0-410E-AEBA-129E2544A21F}"
EndProject
Global
	GlobalSection(SolutionConfigurationPlatforms) = preSolution
		Debug|Any CPU = Debug|Any CPU
		Release|Any CPU = Release|Any CPU
	EndGlobalSection
	GlobalSection(ProjectConfigurationPlatforms) = postSolution
		{25E8F322-24F0-410E-AEBA-129E2544A21F}.Debug|Any CPU.ActiveCfg = Debug|Any CPU
		{25E8F322-24F0-410E-AEBA-129E2544A21F}.Debug|Any CPU.Build.0 = Debug|Any CPU
		{25E8F322-24F0-410E-AEBA-129E2544A21F}.Release|Any CPU.ActiveCfg = Release|Any CPU
		{25E8F322-24F0-410E-AEBA-129E2544A21F}.Release|Any CPU.Build.0 = Release|Any CPU
	EndGlobalSection
	GlobalSection(SolutionProperties) = preSolution
		HideSolutionNode = FALSE
	EndGlobalSection
	GlobalSection(ExtensibilityGlobals) = postSolution
		SolutionGuid = {CB04C02F-C637-4A49-9971-A0549C672ACF}
	EndGlobalSection
EndGlobal
